{
  "name": "@graphless/gcloud",
  "version": "0.0.1",
  "lockfileVersion": 1,
  "requires": true,
  "dependencies": {
    "@graphless/core": {
      "version": "0.0.2",
      "resolved": "https://registry.npmjs.org/@graphless/core/-/core-0.0.2.tgz",
      "integrity": "sha512-PALILD7im13xtbv3Rq0YYlnanueUlDgkGh3l8NK1dLvM2CybD339VOlQu7mT52edXyVAHGtyA/94CZPcGsGc3g=="
    }
  }
}
